
Microsoft Visual Studio Solution File, Format Version 12.00
# Visual Studio Version 17
VisualStudioVersion = 17.10.35122.118
MinimumVisualStudioVersion = 10.0.40219.1
Project("{A07B5EB6-E848-4116-A8D0-A826331D98C6}") = "TextProcessing", "TextProcessing.sfproj", "{1862B2E7-02C9-4FEE-BC87-2164F95D2DA6}"
EndProject
Project("{9A19103F-16F7-4668-BE54-9A1E7A4F7556}") = "WebApi", "WebApi\WebApi.csproj", "{FE4BBF8D-1A7D-4E62-9E9E-45F07004F3C7}"
EndProject
Project("{9A19103F-16F7-4668-BE54-9A1E7A4F7556}") = "V2.Interfaces", "V2.Interfaces\V2.Interfaces.csproj", "{74FD05C4-07F2-4E53-AACF-45BD66A59704}"
EndProject
Project("{9A19103F-16F7-4668-BE54-9A1E7A4F7556}") = "DataAccess", "..\DataAccess\DataAccess.csproj", "{94437678-BD4F-4555-B748-4D3963842128}"
EndProject
Project("{9A19103F-16F7-4668-BE54-9A1E7A4F7556}") = "ServiceImplementation", "..\ServiceImplementation\ServiceImplementation.csproj", "{FF3051F3-6D39-411B-AA91-12CA8E2672D1}"
EndProject
Project("{9A19103F-16F7-4668-BE54-9A1E7A4F7556}") = "MailExtrasExtractor", "MailExtrasExtractor\MailExtrasExtractor.csproj", "{60A993FE-9C28-4B43-9EEE-E3B17D3332C7}"
EndProject
Project("{9A19103F-16F7-4668-BE54-9A1E7A4F7556}") = "WorkSheetServices", "..\WorkSheetServices\WorkSheetServices.csproj", "{6361A99E-2CFA-4B9F-A0E8-173F57375BD7}"
EndProject
Project("{9A19103F-16F7-4668-BE54-9A1E7A4F7556}") = "EntityDto", "..\EntityDto\EntityDto.csproj", "{539E7DE2-CDFA-4119-B758-E59DBA727483}"
EndProject
Project("{9A19103F-16F7-4668-BE54-9A1E7A4F7556}") = "AzureServices", "..\AzureServices\AzureServices.csproj", "{547E0CA0-1BAA-41C7-B452-D7598CCCC7E6}"
EndProject
Project("{9A19103F-16F7-4668-BE54-9A1E7A4F7556}") = "ServiceInterface", "..\Services\ServiceInterface.csproj", "{883A26B7-ECAB-41EB-A4AE-614EF61D3FF2}"
EndProject
Project("{9A19103F-16F7-4668-BE54-9A1E7A4F7556}") = "RepositoryContract", "..\RepositoryContract\RepositoryContract.csproj", "{5EC4FC84-F6A5-465C-A6C9-AE364E7140E6}"
EndProject
Project("{9A19103F-16F7-4668-BE54-9A1E7A4F7556}") = "AzureTableRepository", "..\AzureTableRepository\AzureTableRepository.csproj", "{2EC67C95-90FC-4AD9-A7A7-FE32661298D7}"
EndProject
Project("{9A19103F-16F7-4668-BE54-9A1E7A4F7556}") = "SqlTableRepository", "..\SqlTableRepository\SqlTableRepository.csproj", "{FD234AD6-5CED-4346-9321-0FBC6EA884B5}"
EndProject
Project("{FAE04EC0-301F-11D3-BF4B-00C04F79EFBC}") = "PollerRecurringJob", "PollerRecurringJob\PollerRecurringJob.csproj", "{C38EC4E8-1969-4A08-A9B1-413F9BA8286C}"
EndProject
Project("{FAE04EC0-301F-11D3-BF4B-00C04F79EFBC}") = "MailReader", "MailReader\MailReader.csproj", "{83F97758-F7A1-4167-B38B-F9B62D4C8AA2}"
EndProject
Project("{FAE04EC0-301F-11D3-BF4B-00C04F79EFBC}") = "AzureFabricServices", "AzureFabricServices\AzureFabricServices.csproj", "{781E44FF-39F2-4FBB-A8AE-0D2DFCA5647C}"
EndProject
Project("{FAE04EC0-301F-11D3-BF4B-00C04F79EFBC}") = "V21.Interfaces", "V21.Interfaces\V21.Interfaces.csproj", "{1B5DE4BF-A637-4D72-A73A-52917831E9F5}"
EndProject
Project("{FAE04EC0-301F-11D3-BF4B-00C04F79EFBC}") = "MetadataService", "MetadataService\MetadataService.csproj", "{A692A4CE-1BEE-4E70-B856-FF6DE82CD9B1}"
EndProject
Project("{FAE04EC0-301F-11D3-BF4B-00C04F79EFBC}") = "ProjectKeys", "..\ProjectKeys\ProjectKeys.csproj", "{D8A84B14-1F4E-4CDE-809F-6F2684924788}"
EndProject
Project("{FAE04EC0-301F-11D3-BF4B-00C04F79EFBC}") = "WordDocumentServices", "..\WordDocumentServices\WordDocumentServices.csproj", "{5C481560-6035-4EF1-9E6E-CA4A7B018F34}"
EndProject
Project("{FAE04EC0-301F-11D3-BF4B-00C04F79EFBC}") = "WorkLoadService", "WorkLoadService\WorkLoadService.csproj", "{2738D244-6A72-4C55-B606-BBCA29541018}"
EndProject
Project("{FAE04EC0-301F-11D3-BF4B-00C04F79EFBC}") = "RepositoryServices", "..\RepositoryServices\RepositoryServices.csproj", "{A3F29768-84BF-4458-B5D5-23888D7A9109}"
EndProject
Global
	GlobalSection(SolutionConfigurationPlatforms) = preSolution
		Debug|Any CPU = Debug|Any CPU
		Debug|x64 = Debug|x64
		DebugProdSRV|Any CPU = DebugProdSRV|Any CPU
		DebugProdSRV|x64 = DebugProdSRV|x64
		Release|Any CPU = Release|Any CPU
		Release|x64 = Release|x64
	EndGlobalSection
	GlobalSection(ProjectConfigurationPlatforms) = postSolution
		{1862B2E7-02C9-4FEE-BC87-2164F95D2DA6}.Debug|Any CPU.ActiveCfg = Debug|x64
		{1862B2E7-02C9-4FEE-BC87-2164F95D2DA6}.Debug|Any CPU.Build.0 = Debug|x64
		{1862B2E7-02C9-4FEE-BC87-2164F95D2DA6}.Debug|Any CPU.Deploy.0 = Debug|x64
		{1862B2E7-02C9-4FEE-BC87-2164F95D2DA6}.Debug|x64.ActiveCfg = Debug|x64
		{1862B2E7-02C9-4FEE-BC87-2164F95D2DA6}.Debug|x64.Build.0 = Debug|x64
		{1862B2E7-02C9-4FEE-BC87-2164F95D2DA6}.Debug|x64.Deploy.0 = Debug|x64
		{1862B2E7-02C9-4FEE-BC87-2164F95D2DA6}.DebugProdSRV|Any CPU.ActiveCfg = DebugProdSRV|x64
		{1862B2E7-02C9-4FEE-BC87-2164F95D2DA6}.DebugProdSRV|Any CPU.Build.0 = DebugProdSRV|x64
		{1862B2E7-02C9-4FEE-BC87-2164F95D2DA6}.DebugProdSRV|Any CPU.Deploy.0 = DebugProdSRV|x64
		{1862B2E7-02C9-4FEE-BC87-2164F95D2DA6}.DebugProdSRV|x64.ActiveCfg = DebugProdSRV|x64
		{1862B2E7-02C9-4FEE-BC87-2164F95D2DA6}.DebugProdSRV|x64.Build.0 = DebugProdSRV|x64
		{1862B2E7-02C9-4FEE-BC87-2164F95D2DA6}.DebugProdSRV|x64.Deploy.0 = DebugProdSRV|x64
		{1862B2E7-02C9-4FEE-BC87-2164F95D2DA6}.Release|Any CPU.ActiveCfg = Release|x64
		{1862B2E7-02C9-4FEE-BC87-2164F95D2DA6}.Release|Any CPU.Build.0 = Release|x64
		{1862B2E7-02C9-4FEE-BC87-2164F95D2DA6}.Release|Any CPU.Deploy.0 = Release|x64
		{1862B2E7-02C9-4FEE-BC87-2164F95D2DA6}.Release|x64.ActiveCfg = Release|x64
		{1862B2E7-02C9-4FEE-BC87-2164F95D2DA6}.Release|x64.Build.0 = Release|x64
		{1862B2E7-02C9-4FEE-BC87-2164F95D2DA6}.Release|x64.Deploy.0 = Release|x64
		{FE4BBF8D-1A7D-4E62-9E9E-45F07004F3C7}.Debug|Any CPU.ActiveCfg = Debug|Any CPU
		{FE4BBF8D-1A7D-4E62-9E9E-45F07004F3C7}.Debug|Any CPU.Build.0 = Debug|Any CPU
		{FE4BBF8D-1A7D-4E62-9E9E-45F07004F3C7}.Debug|x64.ActiveCfg = Debug|Any CPU
		{FE4BBF8D-1A7D-4E62-9E9E-45F07004F3C7}.Debug|x64.Build.0 = Debug|Any CPU
		{FE4BBF8D-1A7D-4E62-9E9E-45F07004F3C7}.DebugProdSRV|Any CPU.ActiveCfg = DebugProdSRV|Any CPU
		{FE4BBF8D-1A7D-4E62-9E9E-45F07004F3C7}.DebugProdSRV|Any CPU.Build.0 = DebugProdSRV|Any CPU
		{FE4BBF8D-1A7D-4E62-9E9E-45F07004F3C7}.DebugProdSRV|x64.ActiveCfg = DebugProdSRV|Any CPU
		{FE4BBF8D-1A7D-4E62-9E9E-45F07004F3C7}.DebugProdSRV|x64.Build.0 = DebugProdSRV|Any CPU
		{FE4BBF8D-1A7D-4E62-9E9E-45F07004F3C7}.Release|Any CPU.ActiveCfg = Release|Any CPU
		{FE4BBF8D-1A7D-4E62-9E9E-45F07004F3C7}.Release|Any CPU.Build.0 = Release|Any CPU
		{FE4BBF8D-1A7D-4E62-9E9E-45F07004F3C7}.Release|x64.ActiveCfg = Release|Any CPU
		{FE4BBF8D-1A7D-4E62-9E9E-45F07004F3C7}.Release|x64.Build.0 = Release|Any CPU
		{74FD05C4-07F2-4E53-AACF-45BD66A59704}.Debug|Any CPU.ActiveCfg = Debug|Any CPU
		{74FD05C4-07F2-4E53-AACF-45BD66A59704}.Debug|Any CPU.Build.0 = Debug|Any CPU
		{74FD05C4-07F2-4E53-AACF-45BD66A59704}.Debug|x64.ActiveCfg = Debug|Any CPU
		{74FD05C4-07F2-4E53-AACF-45BD66A59704}.Debug|x64.Build.0 = Debug|Any CPU
		{74FD05C4-07F2-4E53-AACF-45BD66A59704}.DebugProdSRV|Any CPU.ActiveCfg = DebugProdSRV|Any CPU
		{74FD05C4-07F2-4E53-AACF-45BD66A59704}.DebugProdSRV|Any CPU.Build.0 = DebugProdSRV|Any CPU
		{74FD05C4-07F2-4E53-AACF-45BD66A59704}.DebugProdSRV|x64.ActiveCfg = DebugProdSRV|Any CPU
		{74FD05C4-07F2-4E53-AACF-45BD66A59704}.DebugProdSRV|x64.Build.0 = DebugProdSRV|Any CPU
		{74FD05C4-07F2-4E53-AACF-45BD66A59704}.Release|Any CPU.ActiveCfg = Release|Any CPU
		{74FD05C4-07F2-4E53-AACF-45BD66A59704}.Release|Any CPU.Build.0 = Release|Any CPU
		{74FD05C4-07F2-4E53-AACF-45BD66A59704}.Release|x64.ActiveCfg = Release|Any CPU
		{74FD05C4-07F2-4E53-AACF-45BD66A59704}.Release|x64.Build.0 = Release|Any CPU
		{94437678-BD4F-4555-B748-4D3963842128}.Debug|Any CPU.ActiveCfg = Debug|Any CPU
		{94437678-BD4F-4555-B748-4D3963842128}.Debug|Any CPU.Build.0 = Debug|Any CPU
		{94437678-BD4F-4555-B748-4D3963842128}.Debug|x64.ActiveCfg = Debug|Any CPU
		{94437678-BD4F-4555-B748-4D3963842128}.Debug|x64.Build.0 = Debug|Any CPU
		{94437678-BD4F-4555-B748-4D3963842128}.DebugProdSRV|Any CPU.ActiveCfg = DebugProdSRV|Any CPU
		{94437678-BD4F-4555-B748-4D3963842128}.DebugProdSRV|Any CPU.Build.0 = DebugProdSRV|Any CPU
		{94437678-BD4F-4555-B748-4D3963842128}.DebugProdSRV|x64.ActiveCfg = DebugProdSRV|Any CPU
		{94437678-BD4F-4555-B748-4D3963842128}.DebugProdSRV|x64.Build.0 = DebugProdSRV|Any CPU
		{94437678-BD4F-4555-B748-4D3963842128}.Release|Any CPU.ActiveCfg = Release|Any CPU
		{94437678-BD4F-4555-B748-4D3963842128}.Release|Any CPU.Build.0 = Release|Any CPU
		{94437678-BD4F-4555-B748-4D3963842128}.Release|x64.ActiveCfg = Release|Any CPU
		{94437678-BD4F-4555-B748-4D3963842128}.Release|x64.Build.0 = Release|Any CPU
		{FF3051F3-6D39-411B-AA91-12CA8E2672D1}.Debug|Any CPU.ActiveCfg = Debug|Any CPU
		{FF3051F3-6D39-411B-AA91-12CA8E2672D1}.Debug|Any CPU.Build.0 = Debug|Any CPU
		{FF3051F3-6D39-411B-AA91-12CA8E2672D1}.Debug|x64.ActiveCfg = Debug|Any CPU
		{FF3051F3-6D39-411B-AA91-12CA8E2672D1}.Debug|x64.Build.0 = Debug|Any CPU
		{FF3051F3-6D39-411B-AA91-12CA8E2672D1}.DebugProdSRV|Any CPU.ActiveCfg = DebugProdSRV|Any CPU
		{FF3051F3-6D39-411B-AA91-12CA8E2672D1}.DebugProdSRV|Any CPU.Build.0 = DebugProdSRV|Any CPU
		{FF3051F3-6D39-411B-AA91-12CA8E2672D1}.DebugProdSRV|x64.ActiveCfg = DebugProdSRV|Any CPU
		{FF3051F3-6D39-411B-AA91-12CA8E2672D1}.DebugProdSRV|x64.Build.0 = DebugProdSRV|Any CPU
		{FF3051F3-6D39-411B-AA91-12CA8E2672D1}.Release|Any CPU.ActiveCfg = Release|Any CPU
		{FF3051F3-6D39-411B-AA91-12CA8E2672D1}.Release|Any CPU.Build.0 = Release|Any CPU
		{FF3051F3-6D39-411B-AA91-12CA8E2672D1}.Release|x64.ActiveCfg = Release|Any CPU
		{FF3051F3-6D39-411B-AA91-12CA8E2672D1}.Release|x64.Build.0 = Release|Any CPU
		{60A993FE-9C28-4B43-9EEE-E3B17D3332C7}.Debug|Any CPU.ActiveCfg = Debug|Any CPU
		{60A993FE-9C28-4B43-9EEE-E3B17D3332C7}.Debug|Any CPU.Build.0 = Debug|Any CPU
		{60A993FE-9C28-4B43-9EEE-E3B17D3332C7}.Debug|x64.ActiveCfg = Debug|Any CPU
		{60A993FE-9C28-4B43-9EEE-E3B17D3332C7}.Debug|x64.Build.0 = Debug|Any CPU
		{60A993FE-9C28-4B43-9EEE-E3B17D3332C7}.DebugProdSRV|Any CPU.ActiveCfg = DebugProdSRV|Any CPU
		{60A993FE-9C28-4B43-9EEE-E3B17D3332C7}.DebugProdSRV|Any CPU.Build.0 = DebugProdSRV|Any CPU
		{60A993FE-9C28-4B43-9EEE-E3B17D3332C7}.DebugProdSRV|x64.ActiveCfg = DebugProdSRV|Any CPU
		{60A993FE-9C28-4B43-9EEE-E3B17D3332C7}.DebugProdSRV|x64.Build.0 = DebugProdSRV|Any CPU
		{60A993FE-9C28-4B43-9EEE-E3B17D3332C7}.Release|Any CPU.ActiveCfg = Release|Any CPU
		{60A993FE-9C28-4B43-9EEE-E3B17D3332C7}.Release|Any CPU.Build.0 = Release|Any CPU
		{60A993FE-9C28-4B43-9EEE-E3B17D3332C7}.Release|x64.ActiveCfg = Release|Any CPU
		{60A993FE-9C28-4B43-9EEE-E3B17D3332C7}.Release|x64.Build.0 = Release|Any CPU
		{6361A99E-2CFA-4B9F-A0E8-173F57375BD7}.Debug|Any CPU.ActiveCfg = Debug|Any CPU
		{6361A99E-2CFA-4B9F-A0E8-173F57375BD7}.Debug|Any CPU.Build.0 = Debug|Any CPU
		{6361A99E-2CFA-4B9F-A0E8-173F57375BD7}.Debug|x64.ActiveCfg = Debug|Any CPU
		{6361A99E-2CFA-4B9F-A0E8-173F57375BD7}.Debug|x64.Build.0 = Debug|Any CPU
		{6361A99E-2CFA-4B9F-A0E8-173F57375BD7}.DebugProdSRV|Any CPU.ActiveCfg = DebugProdSRV|Any CPU
		{6361A99E-2CFA-4B9F-A0E8-173F57375BD7}.DebugProdSRV|Any CPU.Build.0 = DebugProdSRV|Any CPU
		{6361A99E-2CFA-4B9F-A0E8-173F57375BD7}.DebugProdSRV|x64.ActiveCfg = DebugProdSRV|Any CPU
		{6361A99E-2CFA-4B9F-A0E8-173F57375BD7}.DebugProdSRV|x64.Build.0 = DebugProdSRV|Any CPU
		{6361A99E-2CFA-4B9F-A0E8-173F57375BD7}.Release|Any CPU.ActiveCfg = Release|Any CPU
		{6361A99E-2CFA-4B9F-A0E8-173F57375BD7}.Release|Any CPU.Build.0 = Release|Any CPU
		{6361A99E-2CFA-4B9F-A0E8-173F57375BD7}.Release|x64.ActiveCfg = Release|Any CPU
		{6361A99E-2CFA-4B9F-A0E8-173F57375BD7}.Release|x64.Build.0 = Release|Any CPU
		{539E7DE2-CDFA-4119-B758-E59DBA727483}.Debug|Any CPU.ActiveCfg = Debug|Any CPU
		{539E7DE2-CDFA-4119-B758-E59DBA727483}.Debug|Any CPU.Build.0 = Debug|Any CPU
		{539E7DE2-CDFA-4119-B758-E59DBA727483}.Debug|x64.ActiveCfg = Debug|Any CPU
		{539E7DE2-CDFA-4119-B758-E59DBA727483}.Debug|x64.Build.0 = Debug|Any CPU
		{539E7DE2-CDFA-4119-B758-E59DBA727483}.DebugProdSRV|Any CPU.ActiveCfg = DebugProdSRV|Any CPU
		{539E7DE2-CDFA-4119-B758-E59DBA727483}.DebugProdSRV|Any CPU.Build.0 = DebugProdSRV|Any CPU
		{539E7DE2-CDFA-4119-B758-E59DBA727483}.DebugProdSRV|x64.ActiveCfg = DebugProdSRV|Any CPU
		{539E7DE2-CDFA-4119-B758-E59DBA727483}.DebugProdSRV|x64.Build.0 = DebugProdSRV|Any CPU
		{539E7DE2-CDFA-4119-B758-E59DBA727483}.Release|Any CPU.ActiveCfg = Release|Any CPU
		{539E7DE2-CDFA-4119-B758-E59DBA727483}.Release|Any CPU.Build.0 = Release|Any CPU
		{539E7DE2-CDFA-4119-B758-E59DBA727483}.Release|x64.ActiveCfg = Release|Any CPU
		{539E7DE2-CDFA-4119-B758-E59DBA727483}.Release|x64.Build.0 = Release|Any CPU
		{547E0CA0-1BAA-41C7-B452-D7598CCCC7E6}.Debug|Any CPU.ActiveCfg = Debug|Any CPU
		{547E0CA0-1BAA-41C7-B452-D7598CCCC7E6}.Debug|Any CPU.Build.0 = Debug|Any CPU
		{547E0CA0-1BAA-41C7-B452-D7598CCCC7E6}.Debug|x64.ActiveCfg = Debug|Any CPU
		{547E0CA0-1BAA-41C7-B452-D7598CCCC7E6}.Debug|x64.Build.0 = Debug|Any CPU
		{547E0CA0-1BAA-41C7-B452-D7598CCCC7E6}.DebugProdSRV|Any CPU.ActiveCfg = DebugProdSRV|Any CPU
		{547E0CA0-1BAA-41C7-B452-D7598CCCC7E6}.DebugProdSRV|Any CPU.Build.0 = DebugProdSRV|Any CPU
		{547E0CA0-1BAA-41C7-B452-D7598CCCC7E6}.DebugProdSRV|x64.ActiveCfg = DebugProdSRV|Any CPU
		{547E0CA0-1BAA-41C7-B452-D7598CCCC7E6}.DebugProdSRV|x64.Build.0 = DebugProdSRV|Any CPU
		{547E0CA0-1BAA-41C7-B452-D7598CCCC7E6}.Release|Any CPU.ActiveCfg = Release|Any CPU
		{547E0CA0-1BAA-41C7-B452-D7598CCCC7E6}.Release|Any CPU.Build.0 = Release|Any CPU
		{547E0CA0-1BAA-41C7-B452-D7598CCCC7E6}.Release|x64.ActiveCfg = Release|Any CPU
		{547E0CA0-1BAA-41C7-B452-D7598CCCC7E6}.Release|x64.Build.0 = Release|Any CPU
		{883A26B7-ECAB-41EB-A4AE-614EF61D3FF2}.Debug|Any CPU.ActiveCfg = Debug|Any CPU
		{883A26B7-ECAB-41EB-A4AE-614EF61D3FF2}.Debug|Any CPU.Build.0 = Debug|Any CPU
		{883A26B7-ECAB-41EB-A4AE-614EF61D3FF2}.Debug|x64.ActiveCfg = Debug|Any CPU
		{883A26B7-ECAB-41EB-A4AE-614EF61D3FF2}.Debug|x64.Build.0 = Debug|Any CPU
		{883A26B7-ECAB-41EB-A4AE-614EF61D3FF2}.DebugProdSRV|Any CPU.ActiveCfg = DebugProdSRV|Any CPU
		{883A26B7-ECAB-41EB-A4AE-614EF61D3FF2}.DebugProdSRV|Any CPU.Build.0 = DebugProdSRV|Any CPU
		{883A26B7-ECAB-41EB-A4AE-614EF61D3FF2}.DebugProdSRV|x64.ActiveCfg = DebugProdSRV|Any CPU
		{883A26B7-ECAB-41EB-A4AE-614EF61D3FF2}.DebugProdSRV|x64.Build.0 = DebugProdSRV|Any CPU
		{883A26B7-ECAB-41EB-A4AE-614EF61D3FF2}.Release|Any CPU.ActiveCfg = Release|Any CPU
		{883A26B7-ECAB-41EB-A4AE-614EF61D3FF2}.Release|Any CPU.Build.0 = Release|Any CPU
		{883A26B7-ECAB-41EB-A4AE-614EF61D3FF2}.Release|x64.ActiveCfg = Release|Any CPU
		{883A26B7-ECAB-41EB-A4AE-614EF61D3FF2}.Release|x64.Build.0 = Release|Any CPU
		{5EC4FC84-F6A5-465C-A6C9-AE364E7140E6}.Debug|Any CPU.ActiveCfg = Debug|Any CPU
		{5EC4FC84-F6A5-465C-A6C9-AE364E7140E6}.Debug|Any CPU.Build.0 = Debug|Any CPU
		{5EC4FC84-F6A5-465C-A6C9-AE364E7140E6}.Debug|x64.ActiveCfg = Debug|Any CPU
		{5EC4FC84-F6A5-465C-A6C9-AE364E7140E6}.Debug|x64.Build.0 = Debug|Any CPU
		{5EC4FC84-F6A5-465C-A6C9-AE364E7140E6}.DebugProdSRV|Any CPU.ActiveCfg = DebugProdSRV|Any CPU
		{5EC4FC84-F6A5-465C-A6C9-AE364E7140E6}.DebugProdSRV|Any CPU.Build.0 = DebugProdSRV|Any CPU
		{5EC4FC84-F6A5-465C-A6C9-AE364E7140E6}.DebugProdSRV|x64.ActiveCfg = DebugProdSRV|Any CPU
		{5EC4FC84-F6A5-465C-A6C9-AE364E7140E6}.DebugProdSRV|x64.Build.0 = DebugProdSRV|Any CPU
		{5EC4FC84-F6A5-465C-A6C9-AE364E7140E6}.Release|Any CPU.ActiveCfg = Release|Any CPU
		{5EC4FC84-F6A5-465C-A6C9-AE364E7140E6}.Release|Any CPU.Build.0 = Release|Any CPU
		{5EC4FC84-F6A5-465C-A6C9-AE364E7140E6}.Release|x64.ActiveCfg = Release|Any CPU
		{5EC4FC84-F6A5-465C-A6C9-AE364E7140E6}.Release|x64.Build.0 = Release|Any CPU
		{2EC67C95-90FC-4AD9-A7A7-FE32661298D7}.Debug|Any CPU.ActiveCfg = Debug|Any CPU
		{2EC67C95-90FC-4AD9-A7A7-FE32661298D7}.Debug|Any CPU.Build.0 = Debug|Any CPU
		{2EC67C95-90FC-4AD9-A7A7-FE32661298D7}.Debug|x64.ActiveCfg = Debug|Any CPU
		{2EC67C95-90FC-4AD9-A7A7-FE32661298D7}.Debug|x64.Build.0 = Debug|Any CPU
		{2EC67C95-90FC-4AD9-A7A7-FE32661298D7}.DebugProdSRV|Any CPU.ActiveCfg = DebugProdSRV|Any CPU
		{2EC67C95-90FC-4AD9-A7A7-FE32661298D7}.DebugProdSRV|Any CPU.Build.0 = DebugProdSRV|Any CPU
		{2EC67C95-90FC-4AD9-A7A7-FE32661298D7}.DebugProdSRV|x64.ActiveCfg = DebugProdSRV|Any CPU
		{2EC67C95-90FC-4AD9-A7A7-FE32661298D7}.DebugProdSRV|x64.Build.0 = DebugProdSRV|Any CPU
		{2EC67C95-90FC-4AD9-A7A7-FE32661298D7}.Release|Any CPU.ActiveCfg = Release|Any CPU
		{2EC67C95-90FC-4AD9-A7A7-FE32661298D7}.Release|Any CPU.Build.0 = Release|Any CPU
		{2EC67C95-90FC-4AD9-A7A7-FE32661298D7}.Release|x64.ActiveCfg = Release|Any CPU
		{2EC67C95-90FC-4AD9-A7A7-FE32661298D7}.Release|x64.Build.0 = Release|Any CPU
		{FD234AD6-5CED-4346-9321-0FBC6EA884B5}.Debug|Any CPU.ActiveCfg = Debug|Any CPU
		{FD234AD6-5CED-4346-9321-0FBC6EA884B5}.Debug|Any CPU.Build.0 = Debug|Any CPU
		{FD234AD6-5CED-4346-9321-0FBC6EA884B5}.Debug|x64.ActiveCfg = Debug|Any CPU
		{FD234AD6-5CED-4346-9321-0FBC6EA884B5}.Debug|x64.Build.0 = Debug|Any CPU
		{FD234AD6-5CED-4346-9321-0FBC6EA884B5}.DebugProdSRV|Any CPU.ActiveCfg = DebugProdSRV|Any CPU
		{FD234AD6-5CED-4346-9321-0FBC6EA884B5}.DebugProdSRV|Any CPU.Build.0 = DebugProdSRV|Any CPU
		{FD234AD6-5CED-4346-9321-0FBC6EA884B5}.DebugProdSRV|x64.ActiveCfg = DebugProdSRV|Any CPU
		{FD234AD6-5CED-4346-9321-0FBC6EA884B5}.DebugProdSRV|x64.Build.0 = DebugProdSRV|Any CPU
		{FD234AD6-5CED-4346-9321-0FBC6EA884B5}.Release|Any CPU.ActiveCfg = Release|Any CPU
		{FD234AD6-5CED-4346-9321-0FBC6EA884B5}.Release|Any CPU.Build.0 = Release|Any CPU
		{FD234AD6-5CED-4346-9321-0FBC6EA884B5}.Release|x64.ActiveCfg = Release|Any CPU
		{FD234AD6-5CED-4346-9321-0FBC6EA884B5}.Release|x64.Build.0 = Release|Any CPU
		{C38EC4E8-1969-4A08-A9B1-413F9BA8286C}.Debug|Any CPU.ActiveCfg = Debug|Any CPU
		{C38EC4E8-1969-4A08-A9B1-413F9BA8286C}.Debug|Any CPU.Build.0 = Debug|Any CPU
		{C38EC4E8-1969-4A08-A9B1-413F9BA8286C}.Debug|x64.ActiveCfg = Debug|Any CPU
		{C38EC4E8-1969-4A08-A9B1-413F9BA8286C}.Debug|x64.Build.0 = Debug|Any CPU
		{C38EC4E8-1969-4A08-A9B1-413F9BA8286C}.DebugProdSRV|Any CPU.ActiveCfg = DebugProdSRV|Any CPU
		{C38EC4E8-1969-4A08-A9B1-413F9BA8286C}.DebugProdSRV|Any CPU.Build.0 = DebugProdSRV|Any CPU
		{C38EC4E8-1969-4A08-A9B1-413F9BA8286C}.DebugProdSRV|x64.ActiveCfg = DebugProdSRV|Any CPU
		{C38EC4E8-1969-4A08-A9B1-413F9BA8286C}.DebugProdSRV|x64.Build.0 = DebugProdSRV|Any CPU
		{C38EC4E8-1969-4A08-A9B1-413F9BA8286C}.Release|Any CPU.ActiveCfg = Release|Any CPU
		{C38EC4E8-1969-4A08-A9B1-413F9BA8286C}.Release|Any CPU.Build.0 = Release|Any CPU
		{C38EC4E8-1969-4A08-A9B1-413F9BA8286C}.Release|x64.ActiveCfg = Release|Any CPU
		{C38EC4E8-1969-4A08-A9B1-413F9BA8286C}.Release|x64.Build.0 = Release|Any CPU
		{83F97758-F7A1-4167-B38B-F9B62D4C8AA2}.Debug|Any CPU.ActiveCfg = Debug|Any CPU
		{83F97758-F7A1-4167-B38B-F9B62D4C8AA2}.Debug|Any CPU.Build.0 = Debug|Any CPU
		{83F97758-F7A1-4167-B38B-F9B62D4C8AA2}.Debug|x64.ActiveCfg = Debug|Any CPU
		{83F97758-F7A1-4167-B38B-F9B62D4C8AA2}.Debug|x64.Build.0 = Debug|Any CPU
		{83F97758-F7A1-4167-B38B-F9B62D4C8AA2}.DebugProdSRV|Any CPU.ActiveCfg = DebugProdSRV|Any CPU
		{83F97758-F7A1-4167-B38B-F9B62D4C8AA2}.DebugProdSRV|Any CPU.Build.0 = DebugProdSRV|Any CPU
		{83F97758-F7A1-4167-B38B-F9B62D4C8AA2}.DebugProdSRV|x64.ActiveCfg = DebugProdSRV|Any CPU
		{83F97758-F7A1-4167-B38B-F9B62D4C8AA2}.DebugProdSRV|x64.Build.0 = DebugProdSRV|Any CPU
		{83F97758-F7A1-4167-B38B-F9B62D4C8AA2}.Release|Any CPU.ActiveCfg = Release|Any CPU
		{83F97758-F7A1-4167-B38B-F9B62D4C8AA2}.Release|Any CPU.Build.0 = Release|Any CPU
		{83F97758-F7A1-4167-B38B-F9B62D4C8AA2}.Release|x64.ActiveCfg = Release|Any CPU
		{83F97758-F7A1-4167-B38B-F9B62D4C8AA2}.Release|x64.Build.0 = Release|Any CPU
		{781E44FF-39F2-4FBB-A8AE-0D2DFCA5647C}.Debug|Any CPU.ActiveCfg = Debug|Any CPU
		{781E44FF-39F2-4FBB-A8AE-0D2DFCA5647C}.Debug|Any CPU.Build.0 = Debug|Any CPU
		{781E44FF-39F2-4FBB-A8AE-0D2DFCA5647C}.Debug|x64.ActiveCfg = Debug|Any CPU
		{781E44FF-39F2-4FBB-A8AE-0D2DFCA5647C}.Debug|x64.Build.0 = Debug|Any CPU
		{781E44FF-39F2-4FBB-A8AE-0D2DFCA5647C}.DebugProdSRV|Any CPU.ActiveCfg = DebugProdSRV|Any CPU
		{781E44FF-39F2-4FBB-A8AE-0D2DFCA5647C}.DebugProdSRV|Any CPU.Build.0 = DebugProdSRV|Any CPU
		{781E44FF-39F2-4FBB-A8AE-0D2DFCA5647C}.DebugProdSRV|x64.ActiveCfg = DebugProdSRV|Any CPU
		{781E44FF-39F2-4FBB-A8AE-0D2DFCA5647C}.DebugProdSRV|x64.Build.0 = DebugProdSRV|Any CPU
		{781E44FF-39F2-4FBB-A8AE-0D2DFCA5647C}.Release|Any CPU.ActiveCfg = Release|Any CPU
		{781E44FF-39F2-4FBB-A8AE-0D2DFCA5647C}.Release|Any CPU.Build.0 = Release|Any CPU
		{781E44FF-39F2-4FBB-A8AE-0D2DFCA5647C}.Release|x64.ActiveCfg = Release|Any CPU
		{781E44FF-39F2-4FBB-A8AE-0D2DFCA5647C}.Release|x64.Build.0 = Release|Any CPU
		{1B5DE4BF-A637-4D72-A73A-52917831E9F5}.Debug|Any CPU.ActiveCfg = Debug|Any CPU
		{1B5DE4BF-A637-4D72-A73A-52917831E9F5}.Debug|Any CPU.Build.0 = Debug|Any CPU
		{1B5DE4BF-A637-4D72-A73A-52917831E9F5}.Debug|x64.ActiveCfg = Debug|Any CPU
		{1B5DE4BF-A637-4D72-A73A-52917831E9F5}.Debug|x64.Build.0 = Debug|Any CPU
		{1B5DE4BF-A637-4D72-A73A-52917831E9F5}.DebugProdSRV|Any CPU.ActiveCfg = DebugProdSRV|Any CPU
		{1B5DE4BF-A637-4D72-A73A-52917831E9F5}.DebugProdSRV|Any CPU.Build.0 = DebugProdSRV|Any CPU
		{1B5DE4BF-A637-4D72-A73A-52917831E9F5}.DebugProdSRV|x64.ActiveCfg = DebugProdSRV|Any CPU
		{1B5DE4BF-A637-4D72-A73A-52917831E9F5}.DebugProdSRV|x64.Build.0 = DebugProdSRV|Any CPU
		{1B5DE4BF-A637-4D72-A73A-52917831E9F5}.Release|Any CPU.ActiveCfg = Release|Any CPU
		{1B5DE4BF-A637-4D72-A73A-52917831E9F5}.Release|Any CPU.Build.0 = Release|Any CPU
		{1B5DE4BF-A637-4D72-A73A-52917831E9F5}.Release|x64.ActiveCfg = Release|Any CPU
		{1B5DE4BF-A637-4D72-A73A-52917831E9F5}.Release|x64.Build.0 = Release|Any CPU
		{A692A4CE-1BEE-4E70-B856-FF6DE82CD9B1}.Debug|Any CPU.ActiveCfg = Debug|Any CPU
		{A692A4CE-1BEE-4E70-B856-FF6DE82CD9B1}.Debug|Any CPU.Build.0 = Debug|Any CPU
		{A692A4CE-1BEE-4E70-B856-FF6DE82CD9B1}.Debug|x64.ActiveCfg = Debug|Any CPU
		{A692A4CE-1BEE-4E70-B856-FF6DE82CD9B1}.Debug|x64.Build.0 = Debug|Any CPU
		{A692A4CE-1BEE-4E70-B856-FF6DE82CD9B1}.DebugProdSRV|Any CPU.ActiveCfg = DebugProdSRV|Any CPU
		{A692A4CE-1BEE-4E70-B856-FF6DE82CD9B1}.DebugProdSRV|Any CPU.Build.0 = DebugProdSRV|Any CPU
		{A692A4CE-1BEE-4E70-B856-FF6DE82CD9B1}.DebugProdSRV|x64.ActiveCfg = DebugProdSRV|Any CPU
		{A692A4CE-1BEE-4E70-B856-FF6DE82CD9B1}.DebugProdSRV|x64.Build.0 = DebugProdSRV|Any CPU
		{A692A4CE-1BEE-4E70-B856-FF6DE82CD9B1}.Release|Any CPU.ActiveCfg = Release|Any CPU
		{A692A4CE-1BEE-4E70-B856-FF6DE82CD9B1}.Release|Any CPU.Build.0 = Release|Any CPU
		{A692A4CE-1BEE-4E70-B856-FF6DE82CD9B1}.Release|x64.ActiveCfg = Release|Any CPU
		{A692A4CE-1BEE-4E70-B856-FF6DE82CD9B1}.Release|x64.Build.0 = Release|Any CPU
		{D8A84B14-1F4E-4CDE-809F-6F2684924788}.Debug|Any CPU.ActiveCfg = Debug|Any CPU
		{D8A84B14-1F4E-4CDE-809F-6F2684924788}.Debug|Any CPU.Build.0 = Debug|Any CPU
		{D8A84B14-1F4E-4CDE-809F-6F2684924788}.Debug|x64.ActiveCfg = Debug|Any CPU
		{D8A84B14-1F4E-4CDE-809F-6F2684924788}.Debug|x64.Build.0 = Debug|Any CPU
		{D8A84B14-1F4E-4CDE-809F-6F2684924788}.DebugProdSRV|Any CPU.ActiveCfg = DebugProdSRV|Any CPU
		{D8A84B14-1F4E-4CDE-809F-6F2684924788}.DebugProdSRV|Any CPU.Build.0 = DebugProdSRV|Any CPU
		{D8A84B14-1F4E-4CDE-809F-6F2684924788}.DebugProdSRV|x64.ActiveCfg = Debug|Any CPU
		{D8A84B14-1F4E-4CDE-809F-6F2684924788}.DebugProdSRV|x64.Build.0 = Debug|Any CPU
		{D8A84B14-1F4E-4CDE-809F-6F2684924788}.Release|Any CPU.ActiveCfg = Release|Any CPU
		{D8A84B14-1F4E-4CDE-809F-6F2684924788}.Release|Any CPU.Build.0 = Release|Any CPU
		{D8A84B14-1F4E-4CDE-809F-6F2684924788}.Release|x64.ActiveCfg = Release|Any CPU
		{D8A84B14-1F4E-4CDE-809F-6F2684924788}.Release|x64.Build.0 = Release|Any CPU
		{5C481560-6035-4EF1-9E6E-CA4A7B018F34}.Debug|Any CPU.ActiveCfg = Debug|Any CPU
		{5C481560-6035-4EF1-9E6E-CA4A7B018F34}.Debug|Any CPU.Build.0 = Debug|Any CPU
		{5C481560-6035-4EF1-9E6E-CA4A7B018F34}.Debug|x64.ActiveCfg = Debug|Any CPU
		{5C481560-6035-4EF1-9E6E-CA4A7B018F34}.Debug|x64.Build.0 = Debug|Any CPU
		{5C481560-6035-4EF1-9E6E-CA4A7B018F34}.DebugProdSRV|Any CPU.ActiveCfg = Debug|Any CPU
		{5C481560-6035-4EF1-9E6E-CA4A7B018F34}.DebugProdSRV|Any CPU.Build.0 = Debug|Any CPU
		{5C481560-6035-4EF1-9E6E-CA4A7B018F34}.DebugProdSRV|x64.ActiveCfg = Debug|Any CPU
		{5C481560-6035-4EF1-9E6E-CA4A7B018F34}.DebugProdSRV|x64.Build.0 = Debug|Any CPU
		{5C481560-6035-4EF1-9E6E-CA4A7B018F34}.Release|Any CPU.ActiveCfg = Release|Any CPU
		{5C481560-6035-4EF1-9E6E-CA4A7B018F34}.Release|Any CPU.Build.0 = Release|Any CPU
		{5C481560-6035-4EF1-9E6E-CA4A7B018F34}.Release|x64.ActiveCfg = Release|Any CPU
		{5C481560-6035-4EF1-9E6E-CA4A7B018F34}.Release|x64.Build.0 = Release|Any CPU
		{2738D244-6A72-4C55-B606-BBCA29541018}.Debug|Any CPU.ActiveCfg = Debug|Any CPU
		{2738D244-6A72-4C55-B606-BBCA29541018}.Debug|Any CPU.Build.0 = Debug|Any CPU
		{2738D244-6A72-4C55-B606-BBCA29541018}.Debug|x64.ActiveCfg = Debug|Any CPU
		{2738D244-6A72-4C55-B606-BBCA29541018}.Debug|x64.Build.0 = Debug|Any CPU
		{2738D244-6A72-4C55-B606-BBCA29541018}.DebugProdSRV|Any CPU.ActiveCfg = Debug|Any CPU
		{2738D244-6A72-4C55-B606-BBCA29541018}.DebugProdSRV|Any CPU.Build.0 = Debug|Any CPU
		{2738D244-6A72-4C55-B606-BBCA29541018}.DebugProdSRV|x64.ActiveCfg = Debug|Any CPU
		{2738D244-6A72-4C55-B606-BBCA29541018}.DebugProdSRV|x64.Build.0 = Debug|Any CPU
		{2738D244-6A72-4C55-B606-BBCA29541018}.Release|Any CPU.ActiveCfg = Release|Any CPU
		{2738D244-6A72-4C55-B606-BBCA29541018}.Release|Any CPU.Build.0 = Release|Any CPU
		{2738D244-6A72-4C55-B606-BBCA29541018}.Release|x64.ActiveCfg = Release|Any CPU
		{2738D244-6A72-4C55-B606-BBCA29541018}.Release|x64.Build.0 = Release|Any CPU
		{A3F29768-84BF-4458-B5D5-23888D7A9109}.Debug|Any CPU.ActiveCfg = Debug|Any CPU
		{A3F29768-84BF-4458-B5D5-23888D7A9109}.Debug|Any CPU.Build.0 = Debug|Any CPU
		{A3F29768-84BF-4458-B5D5-23888D7A9109}.Debug|x64.ActiveCfg = Debug|Any CPU
		{A3F29768-84BF-4458-B5D5-23888D7A9109}.Debug|x64.Build.0 = Debug|Any CPU
		{A3F29768-84BF-4458-B5D5-23888D7A9109}.DebugProdSRV|Any CPU.ActiveCfg = Debug|Any CPU
		{A3F29768-84BF-4458-B5D5-23888D7A9109}.DebugProdSRV|Any CPU.Build.0 = Debug|Any CPU
		{A3F29768-84BF-4458-B5D5-23888D7A9109}.DebugProdSRV|x64.ActiveCfg = Debug|Any CPU
		{A3F29768-84BF-4458-B5D5-23888D7A9109}.DebugProdSRV|x64.Build.0 = Debug|Any CPU
		{A3F29768-84BF-4458-B5D5-23888D7A9109}.Release|Any CPU.ActiveCfg = Release|Any CPU
		{A3F29768-84BF-4458-B5D5-23888D7A9109}.Release|Any CPU.Build.0 = Release|Any CPU
		{A3F29768-84BF-4458-B5D5-23888D7A9109}.Release|x64.ActiveCfg = Release|Any CPU
		{A3F29768-84BF-4458-B5D5-23888D7A9109}.Release|x64.Build.0 = Release|Any CPU
	EndGlobalSection
	GlobalSection(SolutionProperties) = preSolution
		HideSolutionNode = FALSE
	EndGlobalSection
	GlobalSection(ExtensibilityGlobals) = postSolution
		SolutionGuid = {7F806E06-8EE8-4DAC-B4F7-FA09B04AEC7A}
	EndGlobalSection
EndGlobal
